# THIS IS AN AUTOGENERATED FILE. DO NOT EDIT THIS FILE DIRECTLY.
# yarn lockfile v1


aoc-toolbox@^1.3.0:
  version "1.4.2"
  resolved "https://registry.yarnpkg.com/aoc-toolbox/-/aoc-toolbox-1.4.2.tgz#99541cf5366a8bc5eafd80cb7d84484345bb9b1f"
  integrity sha512-oleK8XHNe6Wy+n6O9gO9zS6cVEgrP3V2/2l0tSK5WZdFwghgk/KadYSqzapk9aB5GuS7yioCT4QPAFlHEXCH6Q==
