# THIS IS AN AUTOGENERATED FILE. DO NOT EDIT THIS FILE DIRECTLY.
# yarn lockfile v1


aoc-toolbox@^1.3.0:
  version "1.5.4"
  resolved "https://registry.yarnpkg.com/aoc-toolbox/-/aoc-toolbox-1.5.4.tgz#324aac71fe38c3abe80b211d9db306e46d6409c0"
  integrity sha512-+3drJb3B0TXi4/ovBqB0Q216/tB+ZjFxYV2MdhOiBONprLCiO8gEalucjxGae84hp3XnOKpx8yfdRg9owVXVRQ==
