# THIS IS AN AUTOGENERATED FILE. DO NOT EDIT THIS FILE DIRECTLY.
# yarn lockfile v1


aoc-toolbox@^1.3.0:
  version "1.5.1"
  resolved "https://registry.yarnpkg.com/aoc-toolbox/-/aoc-toolbox-1.5.1.tgz#a423a672ce245abefb943dc4854f2341dd11e973"
  integrity sha512-LDhyUhmykOjiGvzrzb7RHXi8fPl4nera7GKOI6uAjI91s7um0+Sq7vU1MCsjWVchtATFm/IG3XdrBcc+tr+8hQ==
