# THIS IS AN AUTOGENERATED FILE. DO NOT EDIT THIS FILE DIRECTLY.
# yarn lockfile v1


aoc-toolbox@^1.0.4:
  version "1.1.1"
  resolved "https://registry.yarnpkg.com/aoc-toolbox/-/aoc-toolbox-1.1.1.tgz#799ed103ac1aa6929756391af9dd83c4a680ee14"
  integrity sha512-yVXuuxKFbqcHw7JS1+n+5GzVLDIkcgG7sXYAbIIPmdyP/8f1uJYIUzhwrBaCKDx/Uh7PaVgQEsOlxD6f/33+zQ==
